// !$*UTF8*$!
{
	archiveVersion = 1;
	classes = {
	};
	objectVersion = 52;
	objects = {

/* Begin PBXBuildFile section */
		309A165725E0B3F40019C41E /* WaitTimes WatchKit App.app in Embed Watch Content */ = {isa = PBXBuildFile; fileRef = 309A165625E0B3F40019C41E /* WaitTimes WatchKit App.app */; settings = {ATTRIBUTES = (RemoveHeadersOnCopy, ); }; };
		309A165C25E0B3F50019C41E /* Assets.xcassets in Resources */ = {isa = PBXBuildFile; fileRef = 309A165B25E0B3F50019C41E /* Assets.xcassets */; };
		309A166325E0B3F50019C41E /* WaitTimes WatchKit Extension.appex in Embed App Extensions */ = {isa = PBXBuildFile; fileRef = 309A166225E0B3F50019C41E /* WaitTimes WatchKit Extension.appex */; settings = {ATTRIBUTES = (RemoveHeadersOnCopy, ); }; };
		309A166825E0B3F50019C41E /* WaitListView.swift in Sources */ = {isa = PBXBuildFile; fileRef = 309A166725E0B3F50019C41E /* WaitListView.swift */; };
		309A166A25E0B3F50019C41E /* WaitTimesApp.swift in Sources */ = {isa = PBXBuildFile; fileRef = 309A166925E0B3F50019C41E /* WaitTimesApp.swift */; };
		309A166C25E0B3F50019C41E /* ComplicationController.swift in Sources */ = {isa = PBXBuildFile; fileRef = 309A166B25E0B3F50019C41E /* ComplicationController.swift */; };
		309A166E25E0B3F60019C41E /* Assets.xcassets in Resources */ = {isa = PBXBuildFile; fileRef = 309A166D25E0B3F60019C41E /* Assets.xcassets */; };
		309A167125E0B3F60019C41E /* Preview Assets.xcassets in Resources */ = {isa = PBXBuildFile; fileRef = 309A167025E0B3F60019C41E /* Preview Assets.xcassets */; };
		309A168425E0B66D0019C41E /* Facility.swift in Sources */ = {isa = PBXBuildFile; fileRef = 309A168325E0B66D0019C41E /* Facility.swift */; };
		309A168925E0B6860019C41E /* OperatingHours.swift in Sources */ = {isa = PBXBuildFile; fileRef = 309A168825E0B6860019C41E /* OperatingHours.swift */; };
		309A168E25E0B6BA0019C41E /* FacilityDataModel.swift in Sources */ = {isa = PBXBuildFile; fileRef = 309A168D25E0B6BA0019C41E /* FacilityDataModel.swift */; };
		309A16A125E0BFB20019C41E /* FacilityView.swift in Sources */ = {isa = PBXBuildFile; fileRef = 309A16A025E0BFB20019C41E /* FacilityView.swift */; };
		30EED1E125E20BB300C9588B /* String+Japanese in Frameworks */ = {isa = PBXBuildFile; productRef = 30EED1E025E20BB300C9588B /* String+Japanese */; };
		30EED1E625E22E4100C9588B /* ImageDataModel.swift in Sources */ = {isa = PBXBuildFile; fileRef = 30EED1E525E22E4100C9588B /* ImageDataModel.swift */; };
		30EED1F025E22FE100C9588B /* SwiftSoup in Frameworks */ = {isa = PBXBuildFile; productRef = 30EED1EF25E22FE100C9588B /* SwiftSoup */; };
		30EED20425E2523800C9588B /* SDWebImageSwiftUI in Frameworks */ = {isa = PBXBuildFile; productRef = 30EED20325E2523800C9588B /* SDWebImageSwiftUI */; };
		30EED20C25E2552E00C9588B /* ImageDataSource.swift in Sources */ = {isa = PBXBuildFile; fileRef = 30EED20B25E2552E00C9588B /* ImageDataSource.swift */; };
/* End PBXBuildFile section */

/* Begin PBXContainerItemProxy section */
		309A165825E0B3F40019C41E /* PBXContainerItemProxy */ = {
			isa = PBXContainerItemProxy;
			containerPortal = 309A164C25E0B3F40019C41E /* Project object */;
			proxyType = 1;
			remoteGlobalIDString = 309A165525E0B3F40019C41E;
			remoteInfo = "WaitTimes WatchKit App";
		};
		309A166425E0B3F50019C41E /* PBXContainerItemProxy */ = {
			isa = PBXContainerItemProxy;
			containerPortal = 309A164C25E0B3F40019C41E /* Project object */;
			proxyType = 1;
			remoteGlobalIDString = 309A166125E0B3F50019C41E;
			remoteInfo = "WaitTimes WatchKit Extension";
		};
/* End PBXContainerItemProxy section */

/* Begin PBXCopyFilesBuildPhase section */
		309A167825E0B3F60019C41E /* Embed App Extensions */ = {
			isa = PBXCopyFilesBuildPhase;
			buildActionMask = 2147483647;
			dstPath = "";
			dstSubfolderSpec = 13;
			files = (
				309A166325E0B3F50019C41E /* WaitTimes WatchKit Extension.appex in Embed App Extensions */,
			);
			name = "Embed App Extensions";
			runOnlyForDeploymentPostprocessing = 0;
		};
		309A167C25E0B3F60019C41E /* Embed Watch Content */ = {
			isa = PBXCopyFilesBuildPhase;
			buildActionMask = 2147483647;
			dstPath = "$(CONTENTS_FOLDER_PATH)/Watch";
			dstSubfolderSpec = 16;
			files = (
				309A165725E0B3F40019C41E /* WaitTimes WatchKit App.app in Embed Watch Content */,
			);
			name = "Embed Watch Content";
			runOnlyForDeploymentPostprocessing = 0;
		};
/* End PBXCopyFilesBuildPhase section */

/* Begin PBXFileReference section */
		309A165225E0B3F40019C41E /* WaitTimes.app */ = {isa = PBXFileReference; explicitFileType = wrapper.application; includeInIndex = 0; path = WaitTimes.app; sourceTree = BUILT_PRODUCTS_DIR; };
		309A165625E0B3F40019C41E /* WaitTimes WatchKit App.app */ = {isa = PBXFileReference; explicitFileType = wrapper.application; includeInIndex = 0; path = "WaitTimes WatchKit App.app"; sourceTree = BUILT_PRODUCTS_DIR; };
		309A165B25E0B3F50019C41E /* Assets.xcassets */ = {isa = PBXFileReference; lastKnownFileType = folder.assetcatalog; path = Assets.xcassets; sourceTree = "<group>"; };
		309A165D25E0B3F50019C41E /* Info.plist */ = {isa = PBXFileReference; lastKnownFileType = text.plist.xml; path = Info.plist; sourceTree = "<group>"; };
		309A166225E0B3F50019C41E /* WaitTimes WatchKit Extension.appex */ = {isa = PBXFileReference; explicitFileType = "wrapper.app-extension"; includeInIndex = 0; path = "WaitTimes WatchKit Extension.appex"; sourceTree = BUILT_PRODUCTS_DIR; };
		309A166725E0B3F50019C41E /* WaitListView.swift */ = {isa = PBXFileReference; lastKnownFileType = sourcecode.swift; path = WaitListView.swift; sourceTree = "<group>"; };
		309A166925E0B3F50019C41E /* WaitTimesApp.swift */ = {isa = PBXFileReference; lastKnownFileType = sourcecode.swift; path = WaitTimesApp.swift; sourceTree = "<group>"; };
		309A166B25E0B3F50019C41E /* ComplicationController.swift */ = {isa = PBXFileReference; lastKnownFileType = sourcecode.swift; path = ComplicationController.swift; sourceTree = "<group>"; };
		309A166D25E0B3F60019C41E /* Assets.xcassets */ = {isa = PBXFileReference; lastKnownFileType = folder.assetcatalog; path = Assets.xcassets; sourceTree = "<group>"; };
		309A167025E0B3F60019C41E /* Preview Assets.xcassets */ = {isa = PBXFileReference; lastKnownFileType = folder.assetcatalog; path = "Preview Assets.xcassets"; sourceTree = "<group>"; };
		309A167225E0B3F60019C41E /* Info.plist */ = {isa = PBXFileReference; lastKnownFileType = text.plist.xml; path = Info.plist; sourceTree = "<group>"; };
		309A168325E0B66D0019C41E /* Facility.swift */ = {isa = PBXFileReference; lastKnownFileType = sourcecode.swift; path = Facility.swift; sourceTree = "<group>"; };
		309A168825E0B6860019C41E /* OperatingHours.swift */ = {isa = PBXFileReference; lastKnownFileType = sourcecode.swift; path = OperatingHours.swift; sourceTree = "<group>"; };
		309A168D25E0B6BA0019C41E /* FacilityDataModel.swift */ = {isa = PBXFileReference; lastKnownFileType = sourcecode.swift; path = FacilityDataModel.swift; sourceTree = "<group>"; };
		309A16A025E0BFB20019C41E /* FacilityView.swift */ = {isa = PBXFileReference; lastKnownFileType = sourcecode.swift; path = FacilityView.swift; sourceTree = "<group>"; };
		30EED1E525E22E4100C9588B /* ImageDataModel.swift */ = {isa = PBXFileReference; lastKnownFileType = sourcecode.swift; path = ImageDataModel.swift; sourceTree = "<group>"; };
		30EED20B25E2552E00C9588B /* ImageDataSource.swift */ = {isa = PBXFileReference; lastKnownFileType = sourcecode.swift; path = ImageDataSource.swift; sourceTree = "<group>"; };
/* End PBXFileReference section */

/* Begin PBXFrameworksBuildPhase section */
		309A165F25E0B3F50019C41E /* Frameworks */ = {
			isa = PBXFrameworksBuildPhase;
			buildActionMask = 2147483647;
			files = (
				30EED20425E2523800C9588B /* SDWebImageSwiftUI in Frameworks */,
				30EED1E125E20BB300C9588B /* String+Japanese in Frameworks */,
				30EED1F025E22FE100C9588B /* SwiftSoup in Frameworks */,
			);
			runOnlyForDeploymentPostprocessing = 0;
		};
/* End PBXFrameworksBuildPhase section */

/* Begin PBXGroup section */
		309A164B25E0B3F40019C41E = {
			isa = PBXGroup;
			children = (
				309A165A25E0B3F40019C41E /* WaitTimes WatchKit App */,
				309A166625E0B3F50019C41E /* WaitTimes WatchKit Extension */,
				309A165325E0B3F40019C41E /* Products */,
				30EED1DF25E20BB300C9588B /* Frameworks */,
			);
			sourceTree = "<group>";
		};
		309A165325E0B3F40019C41E /* Products */ = {
			isa = PBXGroup;
			children = (
				309A165225E0B3F40019C41E /* WaitTimes.app */,
				309A165625E0B3F40019C41E /* WaitTimes WatchKit App.app */,
				309A166225E0B3F50019C41E /* WaitTimes WatchKit Extension.appex */,
			);
			name = Products;
			sourceTree = "<group>";
		};
		309A165A25E0B3F40019C41E /* WaitTimes WatchKit App */ = {
			isa = PBXGroup;
			children = (
				309A165B25E0B3F50019C41E /* Assets.xcassets */,
				309A165D25E0B3F50019C41E /* Info.plist */,
			);
			path = "WaitTimes WatchKit App";
			sourceTree = "<group>";
		};
		309A166625E0B3F50019C41E /* WaitTimes WatchKit Extension */ = {
			isa = PBXGroup;
			children = (
				309A166D25E0B3F60019C41E /* Assets.xcassets */,
				309A166B25E0B3F50019C41E /* ComplicationController.swift */,
				309A168325E0B66D0019C41E /* Facility.swift */,
				309A168D25E0B6BA0019C41E /* FacilityDataModel.swift */,
				309A16A025E0BFB20019C41E /* FacilityView.swift */,
				30EED1E525E22E4100C9588B /* ImageDataModel.swift */,
				30EED20B25E2552E00C9588B /* ImageDataSource.swift */,
				309A167225E0B3F60019C41E /* Info.plist */,
				309A168825E0B6860019C41E /* OperatingHours.swift */,
				309A166F25E0B3F60019C41E /* Preview Content */,
				309A166725E0B3F50019C41E /* WaitListView.swift */,
				309A166925E0B3F50019C41E /* WaitTimesApp.swift */,
			);
			path = "WaitTimes WatchKit Extension";
			sourceTree = "<group>";
		};
		309A166F25E0B3F60019C41E /* Preview Content */ = {
			isa = PBXGroup;
			children = (
				309A167025E0B3F60019C41E /* Preview Assets.xcassets */,
			);
			path = "Preview Content";
			sourceTree = "<group>";
		};
		30EED1DF25E20BB300C9588B /* Frameworks */ = {
			isa = PBXGroup;
			children = (
			);
			name = Frameworks;
			sourceTree = "<group>";
		};
/* End PBXGroup section */

/* Begin PBXNativeTarget section */
		309A165125E0B3F40019C41E /* WaitTimes */ = {
			isa = PBXNativeTarget;
			buildConfigurationList = 309A167D25E0B3F60019C41E /* Build configuration list for PBXNativeTarget "WaitTimes" */;
			buildPhases = (
				309A165025E0B3F40019C41E /* Resources */,
				309A167C25E0B3F60019C41E /* Embed Watch Content */,
			);
			buildRules = (
			);
			dependencies = (
				309A165925E0B3F40019C41E /* PBXTargetDependency */,
			);
			name = WaitTimes;
			packageProductDependencies = (
				30EED1DB25E20A9C00C9588B /* String+Japanese */,
				30EED1EB25E22E6600C9588B /* SwiftSoup */,
				30EED1FF25E2522A00C9588B /* SDWebImageSwiftUI */,
			);
			productName = WaitTimes;
			productReference = 309A165225E0B3F40019C41E /* WaitTimes.app */;
			productType = "com.apple.product-type.application.watchapp2-container";
		};
		309A165525E0B3F40019C41E /* WaitTimes WatchKit App */ = {
			isa = PBXNativeTarget;
			buildConfigurationList = 309A167925E0B3F60019C41E /* Build configuration list for PBXNativeTarget "WaitTimes WatchKit App" */;
			buildPhases = (
				309A165425E0B3F40019C41E /* Resources */,
				309A167825E0B3F60019C41E /* Embed App Extensions */,
			);
			buildRules = (
			);
			dependencies = (
				309A166525E0B3F50019C41E /* PBXTargetDependency */,
			);
			name = "WaitTimes WatchKit App";
			productName = "WaitTimes WatchKit App";
			productReference = 309A165625E0B3F40019C41E /* WaitTimes WatchKit App.app */;
			productType = "com.apple.product-type.application.watchapp2";
		};
		309A166125E0B3F50019C41E /* WaitTimes WatchKit Extension */ = {
			isa = PBXNativeTarget;
			buildConfigurationList = 309A167525E0B3F60019C41E /* Build configuration list for PBXNativeTarget "WaitTimes WatchKit Extension" */;
			buildPhases = (
				309A165E25E0B3F50019C41E /* Sources */,
				309A165F25E0B3F50019C41E /* Frameworks */,
				309A166025E0B3F50019C41E /* Resources */,
			);
			buildRules = (
			);
			dependencies = (
			);
			name = "WaitTimes WatchKit Extension";
			packageProductDependencies = (
				30EED1E025E20BB300C9588B /* String+Japanese */,
				30EED1EF25E22FE100C9588B /* SwiftSoup */,
				30EED20325E2523800C9588B /* SDWebImageSwiftUI */,
			);
			productName = "WaitTimes WatchKit Extension";
			productReference = 309A166225E0B3F50019C41E /* WaitTimes WatchKit Extension.appex */;
			productType = "com.apple.product-type.watchkit2-extension";
		};
/* End PBXNativeTarget section */

/* Begin PBXProject section */
		309A164C25E0B3F40019C41E /* Project object */ = {
			isa = PBXProject;
			attributes = {
				LastSwiftUpdateCheck = 1240;
				LastUpgradeCheck = 1240;
				TargetAttributes = {
					309A165125E0B3F40019C41E = {
						CreatedOnToolsVersion = 12.4;
					};
					309A165525E0B3F40019C41E = {
						CreatedOnToolsVersion = 12.4;
					};
					309A166125E0B3F50019C41E = {
						CreatedOnToolsVersion = 12.4;
					};
				};
			};
			buildConfigurationList = 309A164F25E0B3F40019C41E /* Build configuration list for PBXProject "WaitTimes" */;
			compatibilityVersion = "Xcode 9.3";
			developmentRegion = en;
			hasScannedForEncodings = 0;
			knownRegions = (
				en,
				Base,
			);
			mainGroup = 309A164B25E0B3F40019C41E;
			packageReferences = (
				30EED1DA25E20A9B00C9588B /* XCRemoteSwiftPackageReference "String-Japanese" */,
				30EED1EA25E22E6600C9588B /* XCRemoteSwiftPackageReference "SwiftSoup" */,
				30EED1FE25E2522A00C9588B /* XCRemoteSwiftPackageReference "SDWebImageSwiftUI" */,
			);
			productRefGroup = 309A165325E0B3F40019C41E /* Products */;
			projectDirPath = "";
			projectRoot = "";
			targets = (
				309A165125E0B3F40019C41E /* WaitTimes */,
				309A165525E0B3F40019C41E /* WaitTimes WatchKit App */,
				309A166125E0B3F50019C41E /* WaitTimes WatchKit Extension */,
			);
		};
/* End PBXProject section */

/* Begin PBXResourcesBuildPhase section */
		309A165025E0B3F40019C41E /* Resources */ = {
			isa = PBXResourcesBuildPhase;
			buildActionMask = 2147483647;
			files = (
			);
			runOnlyForDeploymentPostprocessing = 0;
		};
		309A165425E0B3F40019C41E /* Resources */ = {
			isa = PBXResourcesBuildPhase;
			buildActionMask = 2147483647;
			files = (
				309A165C25E0B3F50019C41E /* Assets.xcassets in Resources */,
			);
			runOnlyForDeploymentPostprocessing = 0;
		};
		309A166025E0B3F50019C41E /* Resources */ = {
			isa = PBXResourcesBuildPhase;
			buildActionMask = 2147483647;
			files = (
				309A167125E0B3F60019C41E /* Preview Assets.xcassets in Resources */,
				309A166E25E0B3F60019C41E /* Assets.xcassets in Resources */,
			);
			runOnlyForDeploymentPostprocessing = 0;
		};
/* End PBXResourcesBuildPhase section */

/* Begin PBXSourcesBuildPhase section */
		309A165E25E0B3F50019C41E /* Sources */ = {
			isa = PBXSourcesBuildPhase;
			buildActionMask = 2147483647;
			files = (
				30EED20C25E2552E00C9588B /* ImageDataSource.swift in Sources */,
				309A166825E0B3F50019C41E /* WaitListView.swift in Sources */,
				309A166A25E0B3F50019C41E /* WaitTimesApp.swift in Sources */,
				309A168E25E0B6BA0019C41E /* FacilityDataModel.swift in Sources */,
				309A168425E0B66D0019C41E /* Facility.swift in Sources */,
				309A16A125E0BFB20019C41E /* FacilityView.swift in Sources */,
				30EED1E625E22E4100C9588B /* ImageDataModel.swift in Sources */,
				309A168925E0B6860019C41E /* OperatingHours.swift in Sources */,
				309A166C25E0B3F50019C41E /* ComplicationController.swift in Sources */,
			);
			runOnlyForDeploymentPostprocessing = 0;
		};
/* End PBXSourcesBuildPhase section */

/* Begin PBXTargetDependency section */
		309A165925E0B3F40019C41E /* PBXTargetDependency */ = {
			isa = PBXTargetDependency;
			target = 309A165525E0B3F40019C41E /* WaitTimes WatchKit App */;
			targetProxy = 309A165825E0B3F40019C41E /* PBXContainerItemProxy */;
		};
		309A166525E0B3F50019C41E /* PBXTargetDependency */ = {
			isa = PBXTargetDependency;
			target = 309A166125E0B3F50019C41E /* WaitTimes WatchKit Extension */;
			targetProxy = 309A166425E0B3F50019C41E /* PBXContainerItemProxy */;
		};
/* End PBXTargetDependency section */

/* Begin XCBuildConfiguration section */
		309A167325E0B3F60019C41E /* Debug */ = {
			isa = XCBuildConfiguration;
			buildSettings = {
				ALWAYS_SEARCH_USER_PATHS = NO;
				CLANG_ANALYZER_NONNULL = YES;
				CLANG_ANALYZER_NUMBER_OBJECT_CONVERSION = YES_AGGRESSIVE;
				CLANG_CXX_LANGUAGE_STANDARD = "gnu++14";
				CLANG_CXX_LIBRARY = "libc++";
				CLANG_ENABLE_MODULES = YES;
				CLANG_ENABLE_OBJC_ARC = YES;
				CLANG_ENABLE_OBJC_WEAK = YES;
				CLANG_WARN_BLOCK_CAPTURE_AUTORELEASING = YES;
				CLANG_WARN_BOOL_CONVERSION = YES;
				CLANG_WARN_COMMA = YES;
				CLANG_WARN_CONSTANT_CONVERSION = YES;
				CLANG_WARN_DEPRECATED_OBJC_IMPLEMENTATIONS = YES;
				CLANG_WARN_DIRECT_OBJC_ISA_USAGE = YES_ERROR;
				CLANG_WARN_DOCUMENTATION_COMMENTS = YES;
				CLANG_WARN_EMPTY_BODY = YES;
				CLANG_WARN_ENUM_CONVERSION = YES;
				CLANG_WARN_INFINITE_RECURSION = YES;
				CLANG_WARN_INT_CONVERSION = YES;
				CLANG_WARN_NON_LITERAL_NULL_CONVERSION = YES;
				CLANG_WARN_OBJC_IMPLICIT_RETAIN_SELF = YES;
				CLANG_WARN_OBJC_LITERAL_CONVERSION = YES;
				CLANG_WARN_OBJC_ROOT_CLASS = YES_ERROR;
				CLANG_WARN_QUOTED_INCLUDE_IN_FRAMEWORK_HEADER = YES;
				CLANG_WARN_RANGE_LOOP_ANALYSIS = YES;
				CLANG_WARN_STRICT_PROTOTYPES = YES;
				CLANG_WARN_SUSPICIOUS_MOVE = YES;
				CLANG_WARN_UNGUARDED_AVAILABILITY = YES_AGGRESSIVE;
				CLANG_WARN_UNREACHABLE_CODE = YES;
				CLANG_WARN__DUPLICATE_METHOD_MATCH = YES;
				COPY_PHASE_STRIP = NO;
				DEBUG_INFORMATION_FORMAT = dwarf;
				ENABLE_STRICT_OBJC_MSGSEND = YES;
				ENABLE_TESTABILITY = YES;
				GCC_C_LANGUAGE_STANDARD = gnu11;
				GCC_DYNAMIC_NO_PIC = NO;
				GCC_NO_COMMON_BLOCKS = YES;
				GCC_OPTIMIZATION_LEVEL = 0;
				GCC_PREPROCESSOR_DEFINITIONS = (
					"DEBUG=1",
					"$(inherited)",
				);
				GCC_WARN_64_TO_32_BIT_CONVERSION = YES;
				GCC_WARN_ABOUT_RETURN_TYPE = YES_ERROR;
				GCC_WARN_UNDECLARED_SELECTOR = YES;
				GCC_WARN_UNINITIALIZED_AUTOS = YES_AGGRESSIVE;
				GCC_WARN_UNUSED_FUNCTION = YES;
				GCC_WARN_UNUSED_VARIABLE = YES;
				MTL_ENABLE_DEBUG_INFO = INCLUDE_SOURCE;
				MTL_FAST_MATH = YES;
				ONLY_ACTIVE_ARCH = YES;
				SDKROOT = iphoneos;
				SWIFT_ACTIVE_COMPILATION_CONDITIONS = DEBUG;
				SWIFT_OPTIMIZATION_LEVEL = "-Onone";
			};
			name = Debug;
		};
		309A167425E0B3F60019C41E /* Release */ = {
			isa = XCBuildConfiguration;
			buildSettings = {
				ALWAYS_SEARCH_USER_PATHS = NO;
				CLANG_ANALYZER_NONNULL = YES;
				CLANG_ANALYZER_NUMBER_OBJECT_CONVERSION = YES_AGGRESSIVE;
				CLANG_CXX_LANGUAGE_STANDARD = "gnu++14";
				CLANG_CXX_LIBRARY = "libc++";
				CLANG_ENABLE_MODULES = YES;
				CLANG_ENABLE_OBJC_ARC = YES;
				CLANG_ENABLE_OBJC_WEAK = YES;
				CLANG_WARN_BLOCK_CAPTURE_AUTORELEASING = YES;
				CLANG_WARN_BOOL_CONVERSION = YES;
				CLANG_WARN_COMMA = YES;
				CLANG_WARN_CONSTANT_CONVERSION = YES;
				CLANG_WARN_DEPRECATED_OBJC_IMPLEMENTATIONS = YES;
				CLANG_WARN_DIRECT_OBJC_ISA_USAGE = YES_ERROR;
				CLANG_WARN_DOCUMENTATION_COMMENTS = YES;
				CLANG_WARN_EMPTY_BODY = YES;
				CLANG_WARN_ENUM_CONVERSION = YES;
				CLANG_WARN_INFINITE_RECURSION = YES;
				CLANG_WARN_INT_CONVERSION = YES;
				CLANG_WARN_NON_LITERAL_NULL_CONVERSION = YES;
				CLANG_WARN_OBJC_IMPLICIT_RETAIN_SELF = YES;
				CLANG_WARN_OBJC_LITERAL_CONVERSION = YES;
				CLANG_WARN_OBJC_ROOT_CLASS = YES_ERROR;
				CLANG_WARN_QUOTED_INCLUDE_IN_FRAMEWORK_HEADER = YES;
				CLANG_WARN_RANGE_LOOP_ANALYSIS = YES;
				CLANG_WARN_STRICT_PROTOTYPES = YES;
				CLANG_WARN_SUSPICIOUS_MOVE = YES;
				CLANG_WARN_UNGUARDED_AVAILABILITY = YES_AGGRESSIVE;
				CLANG_WARN_UNREACHABLE_CODE = YES;
				CLANG_WARN__DUPLICATE_METHOD_MATCH = YES;
				COPY_PHASE_STRIP = NO;
				DEBUG_INFORMATION_FORMAT = "dwarf-with-dsym";
				ENABLE_NS_ASSERTIONS = NO;
				ENABLE_STRICT_OBJC_MSGSEND = YES;
				GCC_C_LANGUAGE_STANDARD = gnu11;
				GCC_NO_COMMON_BLOCKS = YES;
				GCC_WARN_64_TO_32_BIT_CONVERSION = YES;
				GCC_WARN_ABOUT_RETURN_TYPE = YES_ERROR;
				GCC_WARN_UNDECLARED_SELECTOR = YES;
				GCC_WARN_UNINITIALIZED_AUTOS = YES_AGGRESSIVE;
				GCC_WARN_UNUSED_FUNCTION = YES;
				GCC_WARN_UNUSED_VARIABLE = YES;
				MTL_ENABLE_DEBUG_INFO = NO;
				MTL_FAST_MATH = YES;
				SDKROOT = iphoneos;
				SWIFT_COMPILATION_MODE = wholemodule;
				SWIFT_OPTIMIZATION_LEVEL = "-O";
				VALIDATE_PRODUCT = YES;
			};
			name = Release;
		};
		309A167625E0B3F60019C41E /* Debug */ = {
			isa = XCBuildConfiguration;
			buildSettings = {
				ASSETCATALOG_COMPILER_COMPLICATION_NAME = Complication;
				CODE_SIGN_STYLE = Automatic;
				CURRENT_PROJECT_VERSION = 2;
				DEVELOPMENT_ASSET_PATHS = "\"WaitTimes WatchKit Extension/Preview Content\"";
				DEVELOPMENT_TEAM = BP6TU6N5BS;
				ENABLE_PREVIEWS = YES;
				INFOPLIST_FILE = "WaitTimes WatchKit Extension/Info.plist";
				LD_RUNPATH_SEARCH_PATHS = (
					"$(inherited)",
					"@executable_path/Frameworks",
					"@executable_path/../../Frameworks",
				);
				PRODUCT_BUNDLE_IDENTIFIER = io.brevans.WaitTimes.watchkitapp.watchkitextension;
				PRODUCT_NAME = "${TARGET_NAME}";
				SDKROOT = watchos;
				SKIP_INSTALL = YES;
				SWIFT_VERSION = 5.0;
				TARGETED_DEVICE_FAMILY = 4;
				WATCHOS_DEPLOYMENT_TARGET = 7.0;
			};
			name = Debug;
		};
		309A167725E0B3F60019C41E /* Release */ = {
			isa = XCBuildConfiguration;
			buildSettings = {
				ASSETCATALOG_COMPILER_COMPLICATION_NAME = Complication;
				CODE_SIGN_STYLE = Automatic;
				CURRENT_PROJECT_VERSION = 2;
				DEVELOPMENT_ASSET_PATHS = "\"WaitTimes WatchKit Extension/Preview Content\"";
				DEVELOPMENT_TEAM = BP6TU6N5BS;
				ENABLE_PREVIEWS = YES;
				INFOPLIST_FILE = "WaitTimes WatchKit Extension/Info.plist";
				LD_RUNPATH_SEARCH_PATHS = (
					"$(inherited)",
					"@executable_path/Frameworks",
					"@executable_path/../../Frameworks",
				);
				PRODUCT_BUNDLE_IDENTIFIER = io.brevans.WaitTimes.watchkitapp.watchkitextension;
				PRODUCT_NAME = "${TARGET_NAME}";
				SDKROOT = watchos;
				SKIP_INSTALL = YES;
				SWIFT_VERSION = 5.0;
				TARGETED_DEVICE_FAMILY = 4;
				WATCHOS_DEPLOYMENT_TARGET = 7.0;
			};
			name = Release;
		};
		309A167A25E0B3F60019C41E /* Debug */ = {
			isa = XCBuildConfiguration;
			buildSettings = {
				ALWAYS_EMBED_SWIFT_STANDARD_LIBRARIES = YES;
				ASSETCATALOG_COMPILER_APPICON_NAME = AppIcon;
				ASSETCATALOG_COMPILER_GLOBAL_ACCENT_COLOR_NAME = AccentColor;
				CODE_SIGN_STYLE = Automatic;
				CURRENT_PROJECT_VERSION = 2;
				DEVELOPMENT_TEAM = BP6TU6N5BS;
				IBSC_MODULE = WaitTimes_WatchKit_Extension;
				INFOPLIST_FILE = "WaitTimes WatchKit App/Info.plist";
				PRODUCT_BUNDLE_IDENTIFIER = io.brevans.WaitTimes.watchkitapp;
				PRODUCT_NAME = "$(TARGET_NAME)";
				SDKROOT = watchos;
				SKIP_INSTALL = YES;
				SWIFT_VERSION = 5.0;
				TARGETED_DEVICE_FAMILY = 4;
				WATCHOS_DEPLOYMENT_TARGET = 7.0;
			};
			name = Debug;
		};
		309A167B25E0B3F60019C41E /* Release */ = {
			isa = XCBuildConfiguration;
			buildSettings = {
				ALWAYS_EMBED_SWIFT_STANDARD_LIBRARIES = YES;
				ASSETCATALOG_COMPILER_APPICON_NAME = AppIcon;
				ASSETCATALOG_COMPILER_GLOBAL_ACCENT_COLOR_NAME = AccentColor;
				CODE_SIGN_STYLE = Automatic;
				CURRENT_PROJECT_VERSION = 2;
				DEVELOPMENT_TEAM = BP6TU6N5BS;
				IBSC_MODULE = WaitTimes_WatchKit_Extension;
				INFOPLIST_FILE = "WaitTimes WatchKit App/Info.plist";
				PRODUCT_BUNDLE_IDENTIFIER = io.brevans.WaitTimes.watchkitapp;
				PRODUCT_NAME = "$(TARGET_NAME)";
				SDKROOT = watchos;
				SKIP_INSTALL = YES;
				SWIFT_VERSION = 5.0;
				TARGETED_DEVICE_FAMILY = 4;
				WATCHOS_DEPLOYMENT_TARGET = 7.0;
			};
			name = Release;
		};
		309A167E25E0B3F60019C41E /* Debug */ = {
			isa = XCBuildConfiguration;
			buildSettings = {
				CODE_SIGN_STYLE = Automatic;
				CURRENT_PROJECT_VERSION = 2;
				DEVELOPMENT_TEAM = BP6TU6N5BS;
				MARKETING_VERSION = 1.0;
				PRODUCT_BUNDLE_IDENTIFIER = io.brevans.WaitTimes;
				PRODUCT_NAME = "$(TARGET_NAME)";
				SWIFT_VERSION = 5.0;
			};
			name = Debug;
		};
		309A167F25E0B3F60019C41E /* Release */ = {
			isa = XCBuildConfiguration;
			buildSettings = {
				CODE_SIGN_STYLE = Automatic;
				CURRENT_PROJECT_VERSION = 2;
				DEVELOPMENT_TEAM = BP6TU6N5BS;
				MARKETING_VERSION = 1.0;
				PRODUCT_BUNDLE_IDENTIFIER = io.brevans.WaitTimes;
				PRODUCT_NAME = "$(TARGET_NAME)";
				SWIFT_VERSION = 5.0;
			};
			name = Release;
		};
/* End XCBuildConfiguration section */

/* Begin XCConfigurationList section */
		309A164F25E0B3F40019C41E /* Build configuration list for PBXProject "WaitTimes" */ = {
			isa = XCConfigurationList;
			buildConfigurations = (
				309A167325E0B3F60019C41E /* Debug */,
				309A167425E0B3F60019C41E /* Release */,
			);
			defaultConfigurationIsVisible = 0;
			defaultConfigurationName = Release;
		};
		309A167525E0B3F60019C41E /* Build configuration list for PBXNativeTarget "WaitTimes WatchKit Extension" */ = {
			isa = XCConfigurationList;
			buildConfigurations = (
				309A167625E0B3F60019C41E /* Debug */,
				309A167725E0B3F60019C41E /* Release */,
			);
			defaultConfigurationIsVisible = 0;
			defaultConfigurationName = Release;
		};
		309A167925E0B3F60019C41E /* Build configuration list for PBXNativeTarget "WaitTimes WatchKit App" */ = {
			isa = XCConfigurationList;
			buildConfigurations = (
				309A167A25E0B3F60019C41E /* Debug */,
				309A167B25E0B3F60019C41E /* Release */,
			);
			defaultConfigurationIsVisible = 0;
			defaultConfigurationName = Release;
		};
		309A167D25E0B3F60019C41E /* Build configuration list for PBXNativeTarget "WaitTimes" */ = {
			isa = XCConfigurationList;
			buildConfigurations = (
				309A167E25E0B3F60019C41E /* Debug */,
				309A167F25E0B3F60019C41E /* Release */,
			);
			defaultConfigurationIsVisible = 0;
			defaultConfigurationName = Release;
		};
/* End XCConfigurationList section */

/* Begin XCRemoteSwiftPackageReference section */
		30EED1DA25E20A9B00C9588B /* XCRemoteSwiftPackageReference "String-Japanese" */ = {
			isa = XCRemoteSwiftPackageReference;
			repositoryURL = "https://github.com/brevansio/String-Japanese.git";
			requirement = {
				kind = upToNextMajorVersion;
				minimumVersion = 1.0.0;
			};
		};
		30EED1EA25E22E6600C9588B /* XCRemoteSwiftPackageReference "SwiftSoup" */ = {
			isa = XCRemoteSwiftPackageReference;
			repositoryURL = "https://github.com/scinfu/SwiftSoup";
			requirement = {
				kind = upToNextMajorVersion;
				minimumVersion = 2.3.2;
			};
		};
		30EED1FE25E2522A00C9588B /* XCRemoteSwiftPackageReference "SDWebImageSwiftUI" */ = {
			isa = XCRemoteSwiftPackageReference;
			repositoryURL = "https://github.com/SDWebImage/SDWebImageSwiftUI.git";
			requirement = {
				kind = upToNextMajorVersion;
				minimumVersion = 1.5.0;
			};
		};
/* End XCRemoteSwiftPackageReference section */

/* Begin XCSwiftPackageProductDependency section */
		30EED1DB25E20A9C00C9588B /* String+Japanese */ = {
			isa = XCSwiftPackageProductDependency;
			package = 30EED1DA25E20A9B00C9588B /* XCRemoteSwiftPackageReference "String-Japanese" */;
			productName = "String+Japanese";
		};
		30EED1E025E20BB300C9588B /* String+Japanese */ = {
			isa = XCSwiftPackageProductDependency;
			package = 30EED1DA25E20A9B00C9588B /* XCRemoteSwiftPackageReference "String-Japanese" */;
			productName = "String+Japanese";
		};
		30EED1EB25E22E6600C9588B /* SwiftSoup */ = {
			isa = XCSwiftPackageProductDependency;
			package = 30EED1EA25E22E6600C9588B /* XCRemoteSwiftPackageReference "SwiftSoup" */;
			productName = SwiftSoup;
		};
		30EED1EF25E22FE100C9588B /* SwiftSoup */ = {
			isa = XCSwiftPackageProductDependency;
			package = 30EED1EA25E22E6600C9588B /* XCRemoteSwiftPackageReference "SwiftSoup" */;
			productName = SwiftSoup;
		};
		30EED1FF25E2522A00C9588B /* SDWebImageSwiftUI */ = {
			isa = XCSwiftPackageProductDependency;
			package = 30EED1FE25E2522A00C9588B /* XCRemoteSwiftPackageReference "SDWebImageSwiftUI" */;
			productName = SDWebImageSwiftUI;
		};
		30EED20325E2523800C9588B /* SDWebImageSwiftUI */ = {
			isa = XCSwiftPackageProductDependency;
			package = 30EED1FE25E2522A00C9588B /* XCRemoteSwiftPackageReference "SDWebImageSwiftUI" */;
			productName = SDWebImageSwiftUI;
		};
/* End XCSwiftPackageProductDependency section */
	};
	rootObject = 309A164C25E0B3F40019C41E /* Project object */;
}
